<?xml version="1.0" encoding="utf-8"?>
<Project ToolsVersion="4.0" xmlns="http://schemas.microsoft.com/developer/msbuild/2003">
  <ItemGroup>
    <ClCompile Include="main.cpp" />
    <ClCompile Include="d3d11.cpp" />
    <ClCompile Include="Shader.cpp" />
    <ClCompile Include="Texture.cpp" />
    <ClCompile Include="Window.cpp" />
    <ClCompile Include="Scenes.cpp" />
    <ClCompile Include="tiny_obj_loader.cc" />
    <ClCompile Include="imgui\imgui.cpp">
      <Filter>imgui</Filter>
    </ClCompile>
    <ClCompile Include="imgui\imgui_demo.cpp">
      <Filter>imgui</Filter>
    </ClCompile>
    <ClCompile Include="imgui\imgui_draw.cpp">
      <Filter>imgui</Filter>
    </ClCompile>
    <ClCompile Include="ShaderTypes.cpp" />
    <ClCompile Include="IMGUIWrap.cpp" />
  </ItemGroup>
  <ItemGroup>
    <Text Include="notes.txt" />
    <Text Include="shader-error.txt">
      <Filter>Shaders</Filter>
    </Text>
  </ItemGroup>
  <ItemGroup>
    <ClInclude Include="d3d11.h" />
    <ClInclude Include="Shader.h" />
    <ClInclude Include="Model.h" />
    <ClInclude Include="Texture.h" />
    <ClInclude Include="Window.h" />
    <ClInclude Include="Utils.h" />
    <ClInclude Include="ShaderTypesList.h" />
    <ClInclude Include="ShaderTypes.h" />
    <ClInclude Include="Shaders\ShaderTypes.h">
      <Filter>Shaders</Filter>
    </ClInclude>
    <ClInclude Include="ConstantBuffer.h" />
    <ClInclude Include="StructuredBuffer.h" />
    <ClInclude Include="Scenes.h" />
    <ClInclude Include="Shaders\PathTrace.h">
      <Filter>Shaders</Filter>
    </ClInclude>
    <ClInclude Include="tiny_obj_loader.h" />
    <ClInclude Include="Settings.h" />
    <ClInclude Include="imgui\imconfig.h">
      <Filter>imgui</Filter>
    </ClInclude>
    <ClInclude Include="imgui\imgui.h">
      <Filter>imgui</Filter>
    </ClInclude>
    <ClInclude Include="imgui\imgui_internal.h">
      <Filter>imgui</Filter>
    </ClInclude>
    <ClInclude Include="imgui\stb_rect_pack.h">
      <Filter>imgui</Filter>
    </ClInclude>
    <ClInclude Include="imgui\stb_textedit.h">
      <Filter>imgui</Filter>
    </ClInclude>
    <ClInclude Include="imgui\stb_truetype.h">
      <Filter>imgui</Filter>
    </ClInclude>
    <ClInclude Include="Shaders\StaticBranches.h">
      <Filter>Shaders</Filter>
    </ClInclude>
    <ClInclude Include="IMGUIWrap.h" />
  </ItemGroup>
  <ItemGroup>
    <FxCompile Include="Shaders\ShowPathTrace.fx">
      <Filter>Shaders</Filter>
    </FxCompile>
    <FxCompile Include="Shaders\PathTrace.fx">
      <Filter>Shaders</Filter>
    </FxCompile>
    <FxCompile Include="Shaders\IMGUI.fx">
      <Filter>Shaders</Filter>
    </FxCompile>
    <FxCompile Include="Shaders\PathTraceFirstHit.fx">
      <Filter>Shaders</Filter>
    </FxCompile>
  </ItemGroup>
  <ItemGroup>
    <Filter Include="Shaders">
      <UniqueIdentifier>{6344b81d-fa2a-4458-8f3c-3a380ef94119}</UniqueIdentifier>
    </Filter>
    <Filter Include="imgui">
      <UniqueIdentifier>{ad365d65-11ac-4380-be33-c4943038eb74}</UniqueIdentifier>
    </Filter>
  </ItemGroup>
</Project>