<?xml version="1.0" encoding="utf-8"?>
<Project ToolsVersion="4.0" xmlns="http://schemas.microsoft.com/developer/msbuild/2003">
  <ItemGroup>
    <ClCompile Include="main.cpp" />
    <ClCompile Include="d3d11.cpp" />
    <ClCompile Include="Shader.cpp" />
    <ClCompile Include="Texture.cpp" />
    <ClCompile Include="Window.cpp" />
    <ClCompile Include="RenderTarget.cpp" />
    <ClCompile Include="Scenes.cpp" />
  </ItemGroup>
  <ItemGroup>
    <Text Include="notes.txt" />
    <Text Include="shader-error.txt">
      <Filter>Shaders</Filter>
    </Text>
  </ItemGroup>
  <ItemGroup>
    <ClInclude Include="d3d11.h" />
    <ClInclude Include="Shader.h" />
    <ClInclude Include="Model.h" />
    <ClInclude Include="Texture.h" />
    <ClInclude Include="Window.h" />
    <ClInclude Include="Utils.h" />
    <ClInclude Include="RenderTarget.h" />
    <ClInclude Include="ShaderTypesList.h" />
    <ClInclude Include="ShaderTypes.h" />
    <ClInclude Include="Shaders\ShaderTypes.h">
      <Filter>Shaders</Filter>
    </ClInclude>
    <ClInclude Include="ConstantBuffer.h" />
    <ClInclude Include="StructuredBuffer.h" />
    <ClInclude Include="Scenes.h" />
    <ClInclude Include="Shaders\PathTrace.h">
      <Filter>Shaders</Filter>
    </ClInclude>
  </ItemGroup>
  <ItemGroup>
    <FxCompile Include="Shaders\ShowPathTrace.fx">
      <Filter>Shaders</Filter>
    </FxCompile>
    <FxCompile Include="Shaders\PathTrace.fx">
      <Filter>Shaders</Filter>
    </FxCompile>
  </ItemGroup>
  <ItemGroup>
    <Filter Include="Shaders">
      <UniqueIdentifier>{6344b81d-fa2a-4458-8f3c-3a380ef94119}</UniqueIdentifier>
    </Filter>
  </ItemGroup>
</Project>